<?xml version="1.0" encoding="utf-8"?>
<Project ToolsVersion="4.0" xmlns="http://schemas.microsoft.com/developer/msbuild/2003">
  <ItemGroup>
    <Filter Include="Source Files">
      <UniqueIdentifier>{4FC737F1-C7A5-4376-A066-2A32D752A2FF}</UniqueIdentifier>
      <Extensions>cpp;c;cc;cxx;def;odl;idl;hpj;bat;asm;asmx</Extensions>
    </Filter>
    <Filter Include="Header Files">
      <UniqueIdentifier>{93995380-89BD-4b04-88EB-625FBE52EBFB}</UniqueIdentifier>
      <Extensions>h;hh;hpp;hxx;hm;inl;inc;xsd</Extensions>
    </Filter>
    <Filter Include="Resource Files">
      <UniqueIdentifier>{67DA6AB6-F800-4c08-8B7A-83BB121AAD01}</UniqueIdentifier>
      <Extensions>rc;ico;cur;bmp;dlg;rc2;rct;bin;rgs;gif;jpg;jpeg;jpe;resx;tiff;tif;png;wav;mfcribbon-ms</Extensions>
    </Filter>
    <Filter Include="Driver">
      <UniqueIdentifier>{444bb1c2-1f5f-4cdc-b13e-5d59e2d0746e}</UniqueIdentifier>
    </Filter>
  </ItemGroup>
  <ItemGroup>
    <ClCompile Include="src\dllmain.cpp">
      <Filter>Source Files</Filter>
    </ClCompile>
    <ClCompile Include="src\driverlog.cpp">
      <Filter>Source Files</Filter>
    </ClCompile>
    <ClCompile Include="src\OpenPSVR.cpp">
      <Filter>Source Files</Filter>
    </ClCompile>
    <ClCompile Include="src\WatchdogDriver_OpenPSVR.cpp">
      <Filter>Source Files</Filter>
    </ClCompile>
    <ClCompile Include="src\ServerDriver_OpenPSVR.cpp">
      <Filter>Source Files</Filter>
    </ClCompile>
    <ClCompile Include="src\OpenPSVRDeviceDriver.cpp">
      <Filter>Source Files</Filter>
    </ClCompile>
    <ClCompile Include="src\MadgwickAHRS.cpp">
      <Filter>Header Files</Filter>
    </ClCompile>
  </ItemGroup>
  <ItemGroup>
    <ClInclude Include="src\driverlog.h">
      <Filter>Header Files</Filter>
    </ClInclude>
    <ClInclude Include="src\OpenPSVR.h">
      <Filter>Header Files</Filter>
    </ClInclude>
    <ClInclude Include="src\WatchdogDriver_OpenPSVR.h">
      <Filter>Header Files</Filter>
    </ClInclude>
    <ClInclude Include="src\OpenPSVRDeviceDriver.h">
      <Filter>Header Files</Filter>
    </ClInclude>
    <ClInclude Include="src\ServerDriver_OpenPSVR.h">
      <Filter>Header Files</Filter>
    </ClInclude>
    <ClInclude Include="src\MadgwickAHRS.hpp">
      <Filter>Header Files</Filter>
    </ClInclude>
  </ItemGroup>
  <ItemGroup>
    <None Include="driver\driver.vrdrivermanifest">
      <Filter>Driver</Filter>
    </None>
    <None Include="driver\resources\driver.vrresources">
      <Filter>Driver</Filter>
    </None>
    <None Include="driver\resources\settings\default.vrsettings">
      <Filter>Driver</Filter>
    </None>
  </ItemGroup>
</Project>